
Microsoft Visual Studio Solution File, Format Version 12.00
# Visual Studio Version 17
VisualStudioVersion = 17.14.36301.6 d17.14
MinimumVisualStudioVersion = 10.0.40219.1
Project("{FAE04EC0-301F-11D3-BF4B-00C04F79EFBC}") = "List", "D:\List\List.csproj", "{12F7FEB0-8AC2-40B4-BB3D-52C0B67A5441}"
EndProject
Global
	GlobalSection(SolutionConfigurationPlatforms) = preSolution
		Debug|Any CPU = Debug|Any CPU
		Release|Any CPU = Release|Any CPU
	EndGlobalSection
	GlobalSection(ProjectConfigurationPlatforms) = postSolution
		{12F7FEB0-8AC2-40B4-BB3D-52C0B67A5441}.Debug|Any CPU.ActiveCfg = Debug|Any CPU
		{12F7FEB0-8AC2-40B4-BB3D-52C0B67A5441}.Debug|Any CPU.Build.0 = Debug|Any CPU
		{12F7FEB0-8AC2-40B4-BB3D-52C0B67A5441}.Release|Any CPU.ActiveCfg = Release|Any CPU
		{12F7FEB0-8AC2-40B4-BB3D-52C0B67A5441}.Release|Any CPU.Build.0 = Release|Any CPU
	EndGlobalSection
	GlobalSection(SolutionProperties) = preSolution
		HideSolutionNode = FALSE
	EndGlobalSection
	GlobalSection(ExtensibilityGlobals) = postSolution
		SolutionGuid = {DA3E9087-D184-41B4-A89D-55C5D70C8624}
	EndGlobalSection
EndGlobal
